
Microsoft Visual Studio Solution File, Format Version 12.00
# Visual Studio Version 17
VisualStudioVersion = 17.8.34525.116
MinimumVisualStudioVersion = 10.0.40219.1
Project("{FAE04EC0-301F-11D3-BF4B-00C04F79EFBC}") = "BeerRepositoryLib", "BeerRepositoryLib.csproj", "{DF35267C-0A0B-423C-A951-3A33E3D10644}"
EndProject
Project("{FAE04EC0-301F-11D3-BF4B-00C04F79EFBC}") = "BeerRepositoryLibTests1", "..\BeerRepositoryLibTests1\BeerRepositoryLibTests1.csproj", "{2FC49B1C-0517-4971-8C02-A57D09E62F99}"
EndProject
Global
	GlobalSection(SolutionConfigurationPlatforms) = preSolution
		Debug|Any CPU = Debug|Any CPU
		Release|Any CPU = Release|Any CPU
	EndGlobalSection
	GlobalSection(ProjectConfigurationPlatforms) = postSolution
		{DF35267C-0A0B-423C-A951-3A33E3D10644}.Debug|Any CPU.ActiveCfg = Debug|Any CPU
		{DF35267C-0A0B-423C-A951-3A33E3D10644}.Debug|Any CPU.Build.0 = Debug|Any CPU
		{DF35267C-0A0B-423C-A951-3A33E3D10644}.Release|Any CPU.ActiveCfg = Release|Any CPU
		{DF35267C-0A0B-423C-A951-3A33E3D10644}.Release|Any CPU.Build.0 = Release|Any CPU
		{2FC49B1C-0517-4971-8C02-A57D09E62F99}.Debug|Any CPU.ActiveCfg = Debug|Any CPU
		{2FC49B1C-0517-4971-8C02-A57D09E62F99}.Debug|Any CPU.Build.0 = Debug|Any CPU
		{2FC49B1C-0517-4971-8C02-A57D09E62F99}.Release|Any CPU.ActiveCfg = Release|Any CPU
		{2FC49B1C-0517-4971-8C02-A57D09E62F99}.Release|Any CPU.Build.0 = Release|Any CPU
	EndGlobalSection
	GlobalSection(SolutionProperties) = preSolution
		HideSolutionNode = FALSE
	EndGlobalSection
	GlobalSection(ExtensibilityGlobals) = postSolution
		SolutionGuid = {20844338-1136-4DC0-AD72-6993657660D7}
	EndGlobalSection
EndGlobal
